
Microsoft Visual Studio Solution File, Format Version 12.00
# Visual Studio Version 17
VisualStudioVersion = 17.10.34928.147
MinimumVisualStudioVersion = 10.0.40219.1
Project("{FAE04EC0-301F-11D3-BF4B-00C04F79EFBC}") = "CMhealth", "CMhealth.csproj", "{2BDEF771-ACC6-4F1A-AAEE-0837E2D6883E}"
EndProject
Global
	GlobalSection(SolutionConfigurationPlatforms) = preSolution
		Debug|Any CPU = Debug|Any CPU
		Release|Any CPU = Release|Any CPU
	EndGlobalSection
	GlobalSection(ProjectConfigurationPlatforms) = postSolution
		{2BDEF771-ACC6-4F1A-AAEE-0837E2D6883E}.Debug|Any CPU.ActiveCfg = Debug|Any CPU
		{2BDEF771-ACC6-4F1A-AAEE-0837E2D6883E}.Debug|Any CPU.Build.0 = Debug|Any CPU
		{2BDEF771-ACC6-4F1A-AAEE-0837E2D6883E}.Debug|Any CPU.Deploy.0 = Debug|Any CPU
		{2BDEF771-ACC6-4F1A-AAEE-0837E2D6883E}.Release|Any CPU.ActiveCfg = Release|Any CPU
		{2BDEF771-ACC6-4F1A-AAEE-0837E2D6883E}.Release|Any CPU.Build.0 = Release|Any CPU
		{2BDEF771-ACC6-4F1A-AAEE-0837E2D6883E}.Release|Any CPU.Deploy.0 = Release|Any CPU
	EndGlobalSection
	GlobalSection(SolutionProperties) = preSolution
		HideSolutionNode = FALSE
	EndGlobalSection
	GlobalSection(ExtensibilityGlobals) = postSolution
		SolutionGuid = {65867C76-F040-45AA-8D9A-7F1993DA884B}
	EndGlobalSection
EndGlobal
